
Microsoft Visual Studio Solution File, Format Version 12.00
# Visual Studio Version 17
VisualStudioVersion = 17.10.35122.118
MinimumVisualStudioVersion = 10.0.40219.1
Project("{FAE04EC0-301F-11D3-BF4B-00C04F79EFBC}") = "CompanyLibrary", "CompanyLibrary\CompanyLibrary.csproj", "{8556760E-E32D-459E-A68C-7F2A7A75D6DC}"
EndProject
Global
	GlobalSection(SolutionConfigurationPlatforms) = preSolution
		Debug|Any CPU = Debug|Any CPU
		Release|Any CPU = Release|Any CPU
	EndGlobalSection
	GlobalSection(ProjectConfigurationPlatforms) = postSolution
		{8556760E-E32D-459E-A68C-7F2A7A75D6DC}.Debug|Any CPU.ActiveCfg = Debug|Any CPU
		{8556760E-E32D-459E-A68C-7F2A7A75D6DC}.Debug|Any CPU.Build.0 = Debug|Any CPU
		{8556760E-E32D-459E-A68C-7F2A7A75D6DC}.Release|Any CPU.ActiveCfg = Release|Any CPU
		{8556760E-E32D-459E-A68C-7F2A7A75D6DC}.Release|Any CPU.Build.0 = Release|Any CPU
	EndGlobalSection
	GlobalSection(SolutionProperties) = preSolution
		HideSolutionNode = FALSE
	EndGlobalSection
	GlobalSection(ExtensibilityGlobals) = postSolution
		SolutionGuid = {230CEF9C-F749-4852-BFFA-6C0ABE4EC51D}
	EndGlobalSection
EndGlobal
